
Microsoft Visual Studio Solution File, Format Version 12.00
# Visual Studio Version 16
VisualStudioVersion = 25.0.1703.2
MinimumVisualStudioVersion = 10.0.40219.1
Project("{FAE04EC0-301F-11D3-BF4B-00C04F79EFBC}") = "Proj5", "Proj5\Proj5.csproj", "{8BA96234-6101-48AB-BEE6-5EA08E6AAD31}"
EndProject
Global
	GlobalSection(SolutionConfigurationPlatforms) = preSolution
		Debug|Any CPU = Debug|Any CPU
		Release|Any CPU = Release|Any CPU
	EndGlobalSection
	GlobalSection(ProjectConfigurationPlatforms) = postSolution
		{8BA96234-6101-48AB-BEE6-5EA08E6AAD31}.Debug|Any CPU.ActiveCfg = Debug|Any CPU
		{8BA96234-6101-48AB-BEE6-5EA08E6AAD31}.Debug|Any CPU.Build.0 = Debug|Any CPU
		{8BA96234-6101-48AB-BEE6-5EA08E6AAD31}.Release|Any CPU.ActiveCfg = Release|Any CPU
		{8BA96234-6101-48AB-BEE6-5EA08E6AAD31}.Release|Any CPU.Build.0 = Release|Any CPU
	EndGlobalSection
	GlobalSection(SolutionProperties) = preSolution
		HideSolutionNode = FALSE
	EndGlobalSection
	GlobalSection(ExtensibilityGlobals) = postSolution
		SolutionGuid = {03165B81-17E6-4876-9447-B26717DFC290}
	EndGlobalSection
EndGlobal
